
Microsoft Visual Studio Solution File, Format Version 12.00
# Visual Studio Version 16
VisualStudioVersion = 16.0.30309.148
MinimumVisualStudioVersion = 10.0.40219.1
Project("{9A19103F-16F7-4668-BE54-9A1E7A4F7556}") = "BlazorApp1.Server", "BlazorApp1\Server\BlazorApp1.Server.csproj", "{09BD5AB1-B91D-4186-9049-A2BFF70CD5EB}"
EndProject
Project("{9A19103F-16F7-4668-BE54-9A1E7A4F7556}") = "BlazorApp1.Client", "BlazorApp1\Client\BlazorApp1.Client.csproj", "{452AC39E-E4BA-4F01-B2D2-8F6DA1206148}"
EndProject
Project("{9A19103F-16F7-4668-BE54-9A1E7A4F7556}") = "BlazorApp1.Shared", "BlazorApp1\Shared\BlazorApp1.Shared.csproj", "{90D54C6A-527C-47AC-9C5C-EB93F5F1C755}"
EndProject
Global
	GlobalSection(SolutionConfigurationPlatforms) = preSolution
		Debug|Any CPU = Debug|Any CPU
		Release|Any CPU = Release|Any CPU
	EndGlobalSection
	GlobalSection(ProjectConfigurationPlatforms) = postSolution
		{09BD5AB1-B91D-4186-9049-A2BFF70CD5EB}.Debug|Any CPU.ActiveCfg = Debug|Any CPU
		{09BD5AB1-B91D-4186-9049-A2BFF70CD5EB}.Debug|Any CPU.Build.0 = Debug|Any CPU
		{09BD5AB1-B91D-4186-9049-A2BFF70CD5EB}.Release|Any CPU.ActiveCfg = Release|Any CPU
		{09BD5AB1-B91D-4186-9049-A2BFF70CD5EB}.Release|Any CPU.Build.0 = Release|Any CPU
		{452AC39E-E4BA-4F01-B2D2-8F6DA1206148}.Debug|Any CPU.ActiveCfg = Debug|Any CPU
		{452AC39E-E4BA-4F01-B2D2-8F6DA1206148}.Debug|Any CPU.Build.0 = Debug|Any CPU
		{452AC39E-E4BA-4F01-B2D2-8F6DA1206148}.Release|Any CPU.ActiveCfg = Release|Any CPU
		{452AC39E-E4BA-4F01-B2D2-8F6DA1206148}.Release|Any CPU.Build.0 = Release|Any CPU
		{90D54C6A-527C-47AC-9C5C-EB93F5F1C755}.Debug|Any CPU.ActiveCfg = Debug|Any CPU
		{90D54C6A-527C-47AC-9C5C-EB93F5F1C755}.Debug|Any CPU.Build.0 = Debug|Any CPU
		{90D54C6A-527C-47AC-9C5C-EB93F5F1C755}.Release|Any CPU.ActiveCfg = Release|Any CPU
		{90D54C6A-527C-47AC-9C5C-EB93F5F1C755}.Release|Any CPU.Build.0 = Release|Any CPU
	EndGlobalSection
	GlobalSection(SolutionProperties) = preSolution
		HideSolutionNode = FALSE
	EndGlobalSection
	GlobalSection(ExtensibilityGlobals) = postSolution
		SolutionGuid = {0B624D16-8D04-4DC1-90DA-1EA444526F76}
	EndGlobalSection
EndGlobal
